PODS:
  - SnapKit (5.7.1)
  - YandexMapsMobile (4.4.1-full)

DEPENDENCIES:
  - SnapKit
  - YandexMapsMobile (= 4.4.1-full)

SPEC REPOS:
  https://github.com/CocoaPods/Specs.git:
    - SnapKit
    - YandexMapsMobile

SPEC CHECKSUMS:
  SnapKit: d612e99e678a2d3b95bf60b0705ed0a35c03484a
  YandexMapsMobile: 182a488e37b094153dd6ade0f0e77b0263cbede3

PODFILE CHECKSUM: 89366b876b69933b265356eb4f4411c2a59aad60

COCOAPODS: 1.16.2
